
Microsoft Visual Studio Solution File, Format Version 12.00
Project("{FAE04EC0-301F-11D3-BF4B-00C04F79EFBC}") = "Dating", "Dating.csproj", "{C05D9415-9241-4E4C-BA83-067B52E8E739}"
EndProject
Global
	GlobalSection(SolutionConfigurationPlatforms) = preSolution
		Debug|Any CPU = Debug|Any CPU
		Release|Any CPU = Release|Any CPU
	EndGlobalSection
	GlobalSection(ProjectConfigurationPlatforms) = postSolution
		{C05D9415-9241-4E4C-BA83-067B52E8E739}.Debug|Any CPU.ActiveCfg = Debug|Any CPU
		{C05D9415-9241-4E4C-BA83-067B52E8E739}.Debug|Any CPU.Build.0 = Debug|Any CPU
		{C05D9415-9241-4E4C-BA83-067B52E8E739}.Release|Any CPU.ActiveCfg = Release|Any CPU
		{C05D9415-9241-4E4C-BA83-067B52E8E739}.Release|Any CPU.Build.0 = Release|Any CPU
	EndGlobalSection
EndGlobal
